
Microsoft Visual Studio Solution File, Format Version 12.00
# Visual Studio Version 17
VisualStudioVersion = 17.7.33723.381
MinimumVisualStudioVersion = 10.0.40219.1
Project("{9A19103F-16F7-4668-BE54-9A1E7A4F7556}") = "OpenAIPluginMiddleware", "OpenAIPluginMiddleware.csproj", "{FD873D0B-DDC8-4617-BDEB-F183010066DA}"
EndProject
Project("{FAE04EC0-301F-11D3-BF4B-00C04F79EFBC}") = "SampleOpenAIPlugin", "..\sample\SampleOpenAIPlugin\SampleOpenAIPlugin.csproj", "{93255DBB-FB74-4AD4-B4FD-AA0A02BF970A}"
EndProject
Project("{2150E333-8FDC-42A3-9474-1A3956D46DE8}") = "Solution Items", "Solution Items", "{64138FDD-E6E7-44C4-909C-91342A069E80}"
	ProjectSection(SolutionItems) = preProject
		..\.github\workflows\pr.yaml = ..\.github\workflows\pr.yaml
		..\.github\workflows\release.yaml = ..\.github\workflows\release.yaml
		..\version.json = ..\version.json
		..\.github\workflows\_build.yaml = ..\.github\workflows\_build.yaml
	EndProjectSection
EndProject
Global
	GlobalSection(SolutionConfigurationPlatforms) = preSolution
		Debug|Any CPU = Debug|Any CPU
		Release|Any CPU = Release|Any CPU
	EndGlobalSection
	GlobalSection(ProjectConfigurationPlatforms) = postSolution
		{FD873D0B-DDC8-4617-BDEB-F183010066DA}.Debug|Any CPU.ActiveCfg = Debug|Any CPU
		{FD873D0B-DDC8-4617-BDEB-F183010066DA}.Debug|Any CPU.Build.0 = Debug|Any CPU
		{FD873D0B-DDC8-4617-BDEB-F183010066DA}.Release|Any CPU.ActiveCfg = Release|Any CPU
		{FD873D0B-DDC8-4617-BDEB-F183010066DA}.Release|Any CPU.Build.0 = Release|Any CPU
		{93255DBB-FB74-4AD4-B4FD-AA0A02BF970A}.Debug|Any CPU.ActiveCfg = Debug|Any CPU
		{93255DBB-FB74-4AD4-B4FD-AA0A02BF970A}.Debug|Any CPU.Build.0 = Debug|Any CPU
		{93255DBB-FB74-4AD4-B4FD-AA0A02BF970A}.Release|Any CPU.ActiveCfg = Release|Any CPU
		{93255DBB-FB74-4AD4-B4FD-AA0A02BF970A}.Release|Any CPU.Build.0 = Release|Any CPU
	EndGlobalSection
	GlobalSection(SolutionProperties) = preSolution
		HideSolutionNode = FALSE
	EndGlobalSection
	GlobalSection(ExtensibilityGlobals) = postSolution
		SolutionGuid = {A95DBF1A-97EC-4122-8945-FA4A7ADAC351}
	EndGlobalSection
EndGlobal
